PODS:
  - Alamofire (4.0.0)
  - Kingfisher (3.0.1)
  - SwiftyJSON3 (3.0.0-beta.1)

DEPENDENCIES:
  - Alamofire
  - Kingfisher (= 3.0.1)
  - SwiftyJSON3 (~> 3.0.0-beta.1)

SPEC CHECKSUMS:
  Alamofire: fef59f00388f267e52d9b432aa5d93dc97190f14
  Kingfisher: d5a491b45ea453d90a31bd2c0831d5243e73a73f
  SwiftyJSON3: 4c41512a8b35fd58b2ec904f65aa7254e4a8abd4

PODFILE CHECKSUM: 4cb8d03d5d7fd25561868c856cc7ea698c565549

COCOAPODS: 1.1.0.beta.2
