PODS:
  - Alamofire (1.2.0)
  - HanekeSwift (0.9.1)
  - SwiftyJSON (2.2.0)

DEPENDENCIES:
  - Alamofire (~> 1.2)
  - HanekeSwift
  - SwiftyJSON (~> 2.2.0)

SPEC CHECKSUMS:
  Alamofire: d765c5c1713aa64106b0228aaa600a1e6851f68d
  HanekeSwift: c7772774db743ef11be67db026bc59baf6bc4aaa
  SwiftyJSON: 0b3e6c07af17ff745e77e8e9984097b55c956e5c

COCOAPODS: 0.36.3
