PODS:
  - Alamofire (2.0.2)
  - HanekeSwift (0.10.0.1)
  - SwiftyJSON (2.3.0)

DEPENDENCIES:
  - Alamofire
  - HanekeSwift
  - SwiftyJSON

SPEC CHECKSUMS:
  Alamofire: 8edbab00802a752bb5240cc2abe70e7e881488ad
  HanekeSwift: b0e96be1d0fbeefb52455a893a2b5a056a77936b
  SwiftyJSON: 8d6b61a70277ef2a5d710d372e06e7e2d87fb9e4

COCOAPODS: 0.38.2
