// !$*UTF8*$!
{
	archiveVersion = 1;
	classes = {
	};
	objectVersion = 46;
	objects = {

/* Begin PBXBuildFile section */
		6D6CBCBAC47A08E63F4FDC80 /* Pods.framework in Frameworks */ = {isa = PBXBuildFile; fileRef = A5D2F221E4BF07B6FE9EE619 /* Pods.framework */; settings = {ATTRIBUTES = (Weak, ); }; };
		A432D3201B147B9F006D2B0E /* AppDelegate.swift in Sources */ = {isa = PBXBuildFile; fileRef = A432D31F1B147B9F006D2B0E /* AppDelegate.swift */; };
		A432D3231B147B9F006D2B0E /* ZhiHuDaily_Swift.xcdatamodeld in Sources */ = {isa = PBXBuildFile; fileRef = A432D3211B147B9F006D2B0E /* ZhiHuDaily_Swift.xcdatamodeld */; };
		A432D3251B147B9F006D2B0E /* ViewController.swift in Sources */ = {isa = PBXBuildFile; fileRef = A432D3241B147B9F006D2B0E /* ViewController.swift */; };
		A432D3281B147B9F006D2B0E /* Main.storyboard in Resources */ = {isa = PBXBuildFile; fileRef = A432D3261B147B9F006D2B0E /* Main.storyboard */; };
		A432D32A1B147B9F006D2B0E /* Images.xcassets in Resources */ = {isa = PBXBuildFile; fileRef = A432D3291B147B9F006D2B0E /* Images.xcassets */; };
		A432D32D1B147B9F006D2B0E /* LaunchScreen.xib in Resources */ = {isa = PBXBuildFile; fileRef = A432D32B1B147B9F006D2B0E /* LaunchScreen.xib */; };
		A432D3391B147B9F006D2B0E /* ZhiHuDaily_SwiftTests.swift in Sources */ = {isa = PBXBuildFile; fileRef = A432D3381B147B9F006D2B0E /* ZhiHuDaily_SwiftTests.swift */; };
		A48545731B176728001CC98F /* KYCircularProgress.swift in Sources */ = {isa = PBXBuildFile; fileRef = A48545721B176728001CC98F /* KYCircularProgress.swift */; };
		A48545911B1809BA001CC98F /* RefreshControl.swift in Sources */ = {isa = PBXBuildFile; fileRef = A485458F1B1809BA001CC98F /* RefreshControl.swift */; };
		A48545921B1809BA001CC98F /* RefreshControlDelegate.swift in Sources */ = {isa = PBXBuildFile; fileRef = A48545901B1809BA001CC98F /* RefreshControlDelegate.swift */; };
		A48545941B1812A5001CC98F /* RefreshViewDelegate.swift in Sources */ = {isa = PBXBuildFile; fileRef = A48545931B1812A5001CC98F /* RefreshViewDelegate.swift */; };
		A4939F131B1494A100E041C4 /* HttpControl.swift in Sources */ = {isa = PBXBuildFile; fileRef = A4939F121B1494A100E041C4 /* HttpControl.swift */; };
		A4939F151B14C71C00E041C4 /* SlideScrollView.swift in Sources */ = {isa = PBXBuildFile; fileRef = A4939F141B14C71C00E041C4 /* SlideScrollView.swift */; };
		A4939FC31B14D66800E041C4 /* CAAnimation+PKIdentifier.m in Sources */ = {isa = PBXBuildFile; fileRef = A4939FA61B14D66800E041C4 /* CAAnimation+PKIdentifier.m */; };
		A4939FC41B14D66800E041C4 /* CALayer+PKConvenienceAnimations.m in Sources */ = {isa = PBXBuildFile; fileRef = A4939FA81B14D66800E041C4 /* CALayer+PKConvenienceAnimations.m */; };
		A4939FC51B14D66800E041C4 /* NSObject+PKBlocks.m in Sources */ = {isa = PBXBuildFile; fileRef = A4939FAA1B14D66800E041C4 /* NSObject+PKBlocks.m */; };
		A4939FC61B14D66800E041C4 /* UIViewController+PKRevealController.m in Sources */ = {isa = PBXBuildFile; fileRef = A4939FAC1B14D66800E041C4 /* UIViewController+PKRevealController.m */; };
		A4939FC71B14D66800E041C4 /* PKRevealControllerView.m in Sources */ = {isa = PBXBuildFile; fileRef = A4939FAF1B14D66800E041C4 /* PKRevealControllerView.m */; };
		A4939FC81B14D66800E041C4 /* PKAnimation.m in Sources */ = {isa = PBXBuildFile; fileRef = A4939FB41B14D66800E041C4 /* PKAnimation.m */; };
		A4939FC91B14D66800E041C4 /* PKLayerAnimator.m in Sources */ = {isa = PBXBuildFile; fileRef = A4939FB61B14D66800E041C4 /* PKLayerAnimator.m */; };
		A4939FCA1B14D66800E041C4 /* PKSequentialAnimation.m in Sources */ = {isa = PBXBuildFile; fileRef = A4939FB81B14D66800E041C4 /* PKSequentialAnimation.m */; };
		A4939FCB1B14D66800E041C4 /* PKLog.m in Sources */ = {isa = PBXBuildFile; fileRef = A4939FBB1B14D66800E041C4 /* PKLog.m */; };
		A4939FCC1B14D66800E041C4 /* PKRevealController.m in Sources */ = {isa = PBXBuildFile; fileRef = A4939FBF1B14D66800E041C4 /* PKRevealController.m */; };
		A4939FD11B1553D400E041C4 /* KCLaunchImageViewController.swift in Sources */ = {isa = PBXBuildFile; fileRef = A4939FD01B1553D400E041C4 /* KCLaunchImageViewController.swift */; };
/* End PBXBuildFile section */

/* Begin PBXContainerItemProxy section */
		A432D3331B147B9F006D2B0E /* PBXContainerItemProxy */ = {
			isa = PBXContainerItemProxy;
			containerPortal = A432D3121B147B9F006D2B0E /* Project object */;
			proxyType = 1;
			remoteGlobalIDString = A432D3191B147B9F006D2B0E;
			remoteInfo = "ZhiHuDaily-Swift";
		};
		A4939FCE1B14D66800E041C4 /* PBXContainerItemProxy */ = {
			isa = PBXContainerItemProxy;
			containerPortal = A4939FC01B14D66800E041C4 /* PKRevealController.xcodeproj */;
			proxyType = 2;
			remoteGlobalIDString = F9621E7B1815246000469E41;
			remoteInfo = PKRevealController;
		};
/* End PBXContainerItemProxy section */

/* Begin PBXFileReference section */
		6C04F27F043F28A3FA8E777F /* Pods.release.xcconfig */ = {isa = PBXFileReference; includeInIndex = 1; lastKnownFileType = text.xcconfig; name = Pods.release.xcconfig; path = "Pods/Target Support Files/Pods/Pods.release.xcconfig"; sourceTree = "<group>"; };
		6FB894871E29411B4B980961 /* Pods.debug.xcconfig */ = {isa = PBXFileReference; includeInIndex = 1; lastKnownFileType = text.xcconfig; name = Pods.debug.xcconfig; path = "Pods/Target Support Files/Pods/Pods.debug.xcconfig"; sourceTree = "<group>"; };
		A432D31A1B147B9F006D2B0E /* ZhiHuDaily-Swift.app */ = {isa = PBXFileReference; explicitFileType = wrapper.application; includeInIndex = 0; path = "ZhiHuDaily-Swift.app"; sourceTree = BUILT_PRODUCTS_DIR; };
		A432D31E1B147B9F006D2B0E /* Info.plist */ = {isa = PBXFileReference; lastKnownFileType = text.plist.xml; path = Info.plist; sourceTree = "<group>"; };
		A432D31F1B147B9F006D2B0E /* AppDelegate.swift */ = {isa = PBXFileReference; lastKnownFileType = sourcecode.swift; path = AppDelegate.swift; sourceTree = "<group>"; };
		A432D3221B147B9F006D2B0E /* ZhiHuDaily_Swift.xcdatamodel */ = {isa = PBXFileReference; lastKnownFileType = wrapper.xcdatamodel; path = ZhiHuDaily_Swift.xcdatamodel; sourceTree = "<group>"; };
		A432D3241B147B9F006D2B0E /* ViewController.swift */ = {isa = PBXFileReference; lastKnownFileType = sourcecode.swift; path = ViewController.swift; sourceTree = "<group>"; };
		A432D3271B147B9F006D2B0E /* Base */ = {isa = PBXFileReference; lastKnownFileType = file.storyboard; name = Base; path = Base.lproj/Main.storyboard; sourceTree = "<group>"; };
		A432D3291B147B9F006D2B0E /* Images.xcassets */ = {isa = PBXFileReference; lastKnownFileType = folder.assetcatalog; path = Images.xcassets; sourceTree = "<group>"; };
		A432D32C1B147B9F006D2B0E /* Base */ = {isa = PBXFileReference; lastKnownFileType = file.xib; name = Base; path = Base.lproj/LaunchScreen.xib; sourceTree = "<group>"; };
		A432D3321B147B9F006D2B0E /* ZhiHuDaily-SwiftTests.xctest */ = {isa = PBXFileReference; explicitFileType = wrapper.cfbundle; includeInIndex = 0; path = "ZhiHuDaily-SwiftTests.xctest"; sourceTree = BUILT_PRODUCTS_DIR; };
		A432D3371B147B9F006D2B0E /* Info.plist */ = {isa = PBXFileReference; lastKnownFileType = text.plist.xml; path = Info.plist; sourceTree = "<group>"; };
		A432D3381B147B9F006D2B0E /* ZhiHuDaily_SwiftTests.swift */ = {isa = PBXFileReference; lastKnownFileType = sourcecode.swift; path = ZhiHuDaily_SwiftTests.swift; sourceTree = "<group>"; };
		A48545721B176728001CC98F /* KYCircularProgress.swift */ = {isa = PBXFileReference; fileEncoding = 4; lastKnownFileType = sourcecode.swift; path = KYCircularProgress.swift; sourceTree = "<group>"; };
		A485458F1B1809BA001CC98F /* RefreshControl.swift */ = {isa = PBXFileReference; fileEncoding = 4; lastKnownFileType = sourcecode.swift; path = RefreshControl.swift; sourceTree = "<group>"; };
		A48545901B1809BA001CC98F /* RefreshControlDelegate.swift */ = {isa = PBXFileReference; fileEncoding = 4; lastKnownFileType = sourcecode.swift; path = RefreshControlDelegate.swift; sourceTree = "<group>"; };
		A48545931B1812A5001CC98F /* RefreshViewDelegate.swift */ = {isa = PBXFileReference; fileEncoding = 4; lastKnownFileType = sourcecode.swift; path = RefreshViewDelegate.swift; sourceTree = "<group>"; };
		A4939F121B1494A100E041C4 /* HttpControl.swift */ = {isa = PBXFileReference; fileEncoding = 4; lastKnownFileType = sourcecode.swift; path = HttpControl.swift; sourceTree = "<group>"; };
		A4939F141B14C71C00E041C4 /* SlideScrollView.swift */ = {isa = PBXFileReference; fileEncoding = 4; lastKnownFileType = sourcecode.swift; path = SlideScrollView.swift; sourceTree = "<group>"; };
		A4939FA51B14D66800E041C4 /* CAAnimation+PKIdentifier.h */ = {isa = PBXFileReference; fileEncoding = 4; lastKnownFileType = sourcecode.c.h; path = "CAAnimation+PKIdentifier.h"; sourceTree = "<group>"; };
		A4939FA61B14D66800E041C4 /* CAAnimation+PKIdentifier.m */ = {isa = PBXFileReference; fileEncoding = 4; lastKnownFileType = sourcecode.c.objc; path = "CAAnimation+PKIdentifier.m"; sourceTree = "<group>"; };
		A4939FA71B14D66800E041C4 /* CALayer+PKConvenienceAnimations.h */ = {isa = PBXFileReference; fileEncoding = 4; lastKnownFileType = sourcecode.c.h; path = "CALayer+PKConvenienceAnimations.h"; sourceTree = "<group>"; };
		A4939FA81B14D66800E041C4 /* CALayer+PKConvenienceAnimations.m */ = {isa = PBXFileReference; fileEncoding = 4; lastKnownFileType = sourcecode.c.objc; path = "CALayer+PKConvenienceAnimations.m"; sourceTree = "<group>"; };
		A4939FA91B14D66800E041C4 /* NSObject+PKBlocks.h */ = {isa = PBXFileReference; fileEncoding = 4; lastKnownFileType = sourcecode.c.h; path = "NSObject+PKBlocks.h"; sourceTree = "<group>"; };
		A4939FAA1B14D66800E041C4 /* NSObject+PKBlocks.m */ = {isa = PBXFileReference; fileEncoding = 4; lastKnownFileType = sourcecode.c.objc; path = "NSObject+PKBlocks.m"; sourceTree = "<group>"; };
		A4939FAB1B14D66800E041C4 /* UIViewController+PKRevealController.h */ = {isa = PBXFileReference; fileEncoding = 4; lastKnownFileType = sourcecode.c.h; path = "UIViewController+PKRevealController.h"; sourceTree = "<group>"; };
		A4939FAC1B14D66800E041C4 /* UIViewController+PKRevealController.m */ = {isa = PBXFileReference; fileEncoding = 4; lastKnownFileType = sourcecode.c.objc; path = "UIViewController+PKRevealController.m"; sourceTree = "<group>"; };
		A4939FAE1B14D66800E041C4 /* PKRevealControllerView.h */ = {isa = PBXFileReference; fileEncoding = 4; lastKnownFileType = sourcecode.c.h; path = PKRevealControllerView.h; sourceTree = "<group>"; };
		A4939FAF1B14D66800E041C4 /* PKRevealControllerView.m */ = {isa = PBXFileReference; fileEncoding = 4; lastKnownFileType = sourcecode.c.objc; path = PKRevealControllerView.m; sourceTree = "<group>"; };
		A4939FB21B14D66800E041C4 /* PKAnimating.h */ = {isa = PBXFileReference; fileEncoding = 4; lastKnownFileType = sourcecode.c.h; path = PKAnimating.h; sourceTree = "<group>"; };
		A4939FB31B14D66800E041C4 /* PKAnimation.h */ = {isa = PBXFileReference; fileEncoding = 4; lastKnownFileType = sourcecode.c.h; path = PKAnimation.h; sourceTree = "<group>"; };
		A4939FB41B14D66800E041C4 /* PKAnimation.m */ = {isa = PBXFileReference; fileEncoding = 4; lastKnownFileType = sourcecode.c.objc; path = PKAnimation.m; sourceTree = "<group>"; };
		A4939FB51B14D66800E041C4 /* PKLayerAnimator.h */ = {isa = PBXFileReference; fileEncoding = 4; lastKnownFileType = sourcecode.c.h; path = PKLayerAnimator.h; sourceTree = "<group>"; };
		A4939FB61B14D66800E041C4 /* PKLayerAnimator.m */ = {isa = PBXFileReference; fileEncoding = 4; lastKnownFileType = sourcecode.c.objc; path = PKLayerAnimator.m; sourceTree = "<group>"; };
		A4939FB71B14D66800E041C4 /* PKSequentialAnimation.h */ = {isa = PBXFileReference; fileEncoding = 4; lastKnownFileType = sourcecode.c.h; path = PKSequentialAnimation.h; sourceTree = "<group>"; };
		A4939FB81B14D66800E041C4 /* PKSequentialAnimation.m */ = {isa = PBXFileReference; fileEncoding = 4; lastKnownFileType = sourcecode.c.objc; path = PKSequentialAnimation.m; sourceTree = "<group>"; };
		A4939FBA1B14D66800E041C4 /* PKLog.h */ = {isa = PBXFileReference; fileEncoding = 4; lastKnownFileType = sourcecode.c.h; path = PKLog.h; sourceTree = "<group>"; };
		A4939FBB1B14D66800E041C4 /* PKLog.m */ = {isa = PBXFileReference; fileEncoding = 4; lastKnownFileType = sourcecode.c.objc; path = PKLog.m; sourceTree = "<group>"; };
		A4939FBD1B14D66800E041C4 /* PKRevealController-Prefix.pch */ = {isa = PBXFileReference; fileEncoding = 4; lastKnownFileType = sourcecode.c.h; path = "PKRevealController-Prefix.pch"; sourceTree = "<group>"; };
		A4939FBE1B14D66800E041C4 /* PKRevealController.h */ = {isa = PBXFileReference; fileEncoding = 4; lastKnownFileType = sourcecode.c.h; path = PKRevealController.h; sourceTree = "<group>"; };
		A4939FBF1B14D66800E041C4 /* PKRevealController.m */ = {isa = PBXFileReference; fileEncoding = 4; lastKnownFileType = sourcecode.c.objc; path = PKRevealController.m; sourceTree = "<group>"; };
		A4939FC01B14D66800E041C4 /* PKRevealController.xcodeproj */ = {isa = PBXFileReference; lastKnownFileType = "wrapper.pb-project"; path = PKRevealController.xcodeproj; sourceTree = "<group>"; };
		A4939FD01B1553D400E041C4 /* KCLaunchImageViewController.swift */ = {isa = PBXFileReference; fileEncoding = 4; lastKnownFileType = sourcecode.swift; path = KCLaunchImageViewController.swift; sourceTree = "<group>"; };
		A4FB84431B147DE100603073 /* ObjectiveCBridge.h */ = {isa = PBXFileReference; fileEncoding = 4; lastKnownFileType = sourcecode.c.h; path = ObjectiveCBridge.h; sourceTree = "<group>"; };
		A5D2F221E4BF07B6FE9EE619 /* Pods.framework */ = {isa = PBXFileReference; explicitFileType = wrapper.framework; includeInIndex = 0; path = Pods.framework; sourceTree = BUILT_PRODUCTS_DIR; };
/* End PBXFileReference section */

/* Begin PBXFrameworksBuildPhase section */
		A432D3171B147B9F006D2B0E /* Frameworks */ = {
			isa = PBXFrameworksBuildPhase;
			buildActionMask = 2147483647;
			files = (
				6D6CBCBAC47A08E63F4FDC80 /* Pods.framework in Frameworks */,
			);
			runOnlyForDeploymentPostprocessing = 0;
		};
		A432D32F1B147B9F006D2B0E /* Frameworks */ = {
			isa = PBXFrameworksBuildPhase;
			buildActionMask = 2147483647;
			files = (
			);
			runOnlyForDeploymentPostprocessing = 0;
		};
/* End PBXFrameworksBuildPhase section */

/* Begin PBXGroup section */
		57E7504102B51052B017FAF8 /* Pods */ = {
			isa = PBXGroup;
			children = (
				6FB894871E29411B4B980961 /* Pods.debug.xcconfig */,
				6C04F27F043F28A3FA8E777F /* Pods.release.xcconfig */,
			);
			name = Pods;
			sourceTree = "<group>";
		};
		A15D7D753B2DE6AC01DF60B9 /* Frameworks */ = {
			isa = PBXGroup;
			children = (
				A5D2F221E4BF07B6FE9EE619 /* Pods.framework */,
			);
			name = Frameworks;
			sourceTree = "<group>";
		};
		A432D3111B147B9F006D2B0E = {
			isa = PBXGroup;
			children = (
				A4FB843F1B147D4700603073 /* FrameWorks */,
				A432D31C1B147B9F006D2B0E /* ZhiHuDaily-Swift */,
				A432D3351B147B9F006D2B0E /* ZhiHuDaily-SwiftTests */,
				A432D31B1B147B9F006D2B0E /* Products */,
				57E7504102B51052B017FAF8 /* Pods */,
				A15D7D753B2DE6AC01DF60B9 /* Frameworks */,
			);
			sourceTree = "<group>";
		};
		A432D31B1B147B9F006D2B0E /* Products */ = {
			isa = PBXGroup;
			children = (
				A432D31A1B147B9F006D2B0E /* ZhiHuDaily-Swift.app */,
				A432D3321B147B9F006D2B0E /* ZhiHuDaily-SwiftTests.xctest */,
			);
			name = Products;
			sourceTree = "<group>";
		};
		A432D31C1B147B9F006D2B0E /* ZhiHuDaily-Swift */ = {
			isa = PBXGroup;
			children = (
				A4391E541B160EB500A27DA5 /* view */,
				A4939F111B14947500E041C4 /* utils */,
				A432D31F1B147B9F006D2B0E /* AppDelegate.swift */,
				A432D3241B147B9F006D2B0E /* ViewController.swift */,
				A432D3261B147B9F006D2B0E /* Main.storyboard */,
				A432D3291B147B9F006D2B0E /* Images.xcassets */,
				A432D32B1B147B9F006D2B0E /* LaunchScreen.xib */,
				A432D3211B147B9F006D2B0E /* ZhiHuDaily_Swift.xcdatamodeld */,
				A432D31D1B147B9F006D2B0E /* Supporting Files */,
			);
			path = "ZhiHuDaily-Swift";
			sourceTree = "<group>";
		};
		A432D31D1B147B9F006D2B0E /* Supporting Files */ = {
			isa = PBXGroup;
			children = (
				A432D31E1B147B9F006D2B0E /* Info.plist */,
				A4FB84431B147DE100603073 /* ObjectiveCBridge.h */,
			);
			name = "Supporting Files";
			sourceTree = "<group>";
		};
		A432D3351B147B9F006D2B0E /* ZhiHuDaily-SwiftTests */ = {
			isa = PBXGroup;
			children = (
				A432D3381B147B9F006D2B0E /* ZhiHuDaily_SwiftTests.swift */,
				A432D3361B147B9F006D2B0E /* Supporting Files */,
			);
			path = "ZhiHuDaily-SwiftTests";
			sourceTree = "<group>";
		};
		A432D3361B147B9F006D2B0E /* Supporting Files */ = {
			isa = PBXGroup;
			children = (
				A432D3371B147B9F006D2B0E /* Info.plist */,
			);
			name = "Supporting Files";
			sourceTree = "<group>";
		};
		A4391E541B160EB500A27DA5 /* view */ = {
			isa = PBXGroup;
			children = (
				A4939FD01B1553D400E041C4 /* KCLaunchImageViewController.swift */,
			);
			name = view;
			sourceTree = "<group>";
		};
		A485458D1B18099D001CC98F /* RefreshControl */ = {
			isa = PBXGroup;
			children = (
				A485458F1B1809BA001CC98F /* RefreshControl.swift */,
				A48545901B1809BA001CC98F /* RefreshControlDelegate.swift */,
				A48545931B1812A5001CC98F /* RefreshViewDelegate.swift */,
			);
			name = RefreshControl;
			sourceTree = "<group>";
		};
		A4939F111B14947500E041C4 /* utils */ = {
			isa = PBXGroup;
			children = (
				A485458D1B18099D001CC98F /* RefreshControl */,
				A48545721B176728001CC98F /* KYCircularProgress.swift */,
				A4939F141B14C71C00E041C4 /* SlideScrollView.swift */,
				A4939F121B1494A100E041C4 /* HttpControl.swift */,
			);
			name = utils;
			sourceTree = "<group>";
		};
		A4939FA21B14D66800E041C4 /* PKRevealController */ = {
			isa = PBXGroup;
			children = (
				A4939FA31B14D66800E041C4 /* PKRevealController */,
				A4939FC01B14D66800E041C4 /* PKRevealController.xcodeproj */,
			);
			path = PKRevealController;
			sourceTree = "<group>";
		};
		A4939FA31B14D66800E041C4 /* PKRevealController */ = {
			isa = PBXGroup;
			children = (
				A4939FA41B14D66800E041C4 /* Categories */,
				A4939FAD1B14D66800E041C4 /* Classes */,
				A4939FB01B14D66800E041C4 /* Modules */,
				A4939FBC1B14D66800E041C4 /* Other Sources */,
				A4939FBE1B14D66800E041C4 /* PKRevealController.h */,
				A4939FBF1B14D66800E041C4 /* PKRevealController.m */,
			);
			path = PKRevealController;
			sourceTree = "<group>";
		};
		A4939FA41B14D66800E041C4 /* Categories */ = {
			isa = PBXGroup;
			children = (
				A4939FA51B14D66800E041C4 /* CAAnimation+PKIdentifier.h */,
				A4939FA61B14D66800E041C4 /* CAAnimation+PKIdentifier.m */,
				A4939FA71B14D66800E041C4 /* CALayer+PKConvenienceAnimations.h */,
				A4939FA81B14D66800E041C4 /* CALayer+PKConvenienceAnimations.m */,
				A4939FA91B14D66800E041C4 /* NSObject+PKBlocks.h */,
				A4939FAA1B14D66800E041C4 /* NSObject+PKBlocks.m */,
				A4939FAB1B14D66800E041C4 /* UIViewController+PKRevealController.h */,
				A4939FAC1B14D66800E041C4 /* UIViewController+PKRevealController.m */,
			);
			path = Categories;
			sourceTree = "<group>";
		};
		A4939FAD1B14D66800E041C4 /* Classes */ = {
			isa = PBXGroup;
			children = (
				A4939FAE1B14D66800E041C4 /* PKRevealControllerView.h */,
				A4939FAF1B14D66800E041C4 /* PKRevealControllerView.m */,
			);
			path = Classes;
			sourceTree = "<group>";
		};
		A4939FB01B14D66800E041C4 /* Modules */ = {
			isa = PBXGroup;
			children = (
				A4939FB11B14D66800E041C4 /* PKLayerAnimator */,
				A4939FB91B14D66800E041C4 /* PKLog */,
			);
			path = Modules;
			sourceTree = "<group>";
		};
		A4939FB11B14D66800E041C4 /* PKLayerAnimator */ = {
			isa = PBXGroup;
			children = (
				A4939FB21B14D66800E041C4 /* PKAnimating.h */,
				A4939FB31B14D66800E041C4 /* PKAnimation.h */,
				A4939FB41B14D66800E041C4 /* PKAnimation.m */,
				A4939FB51B14D66800E041C4 /* PKLayerAnimator.h */,
				A4939FB61B14D66800E041C4 /* PKLayerAnimator.m */,
				A4939FB71B14D66800E041C4 /* PKSequentialAnimation.h */,
				A4939FB81B14D66800E041C4 /* PKSequentialAnimation.m */,
			);
			path = PKLayerAnimator;
			sourceTree = "<group>";
		};
		A4939FB91B14D66800E041C4 /* PKLog */ = {
			isa = PBXGroup;
			children = (
				A4939FBA1B14D66800E041C4 /* PKLog.h */,
				A4939FBB1B14D66800E041C4 /* PKLog.m */,
			);
			path = PKLog;
			sourceTree = "<group>";
		};
		A4939FBC1B14D66800E041C4 /* Other Sources */ = {
			isa = PBXGroup;
			children = (
				A4939FBD1B14D66800E041C4 /* PKRevealController-Prefix.pch */,
			);
			path = "Other Sources";
			sourceTree = "<group>";
		};
		A4939FC11B14D66800E041C4 /* Products */ = {
			isa = PBXGroup;
			children = (
				A4939FCF1B14D66800E041C4 /* libPKRevealController.a */,
			);
			name = Products;
			sourceTree = "<group>";
		};
		A4FB843F1B147D4700603073 /* FrameWorks */ = {
			isa = PBXGroup;
			children = (
				A4939FA21B14D66800E041C4 /* PKRevealController */,
			);
			name = FrameWorks;
			sourceTree = "<group>";
		};
/* End PBXGroup section */

/* Begin PBXNativeTarget section */
		A432D3191B147B9F006D2B0E /* ZhiHuDaily-Swift */ = {
			isa = PBXNativeTarget;
			buildConfigurationList = A432D33C1B147B9F006D2B0E /* Build configuration list for PBXNativeTarget "ZhiHuDaily-Swift" */;
			buildPhases = (
				10ABD496A5F308F7786B7507 /* Check Pods Manifest.lock */,
				A432D3161B147B9F006D2B0E /* Sources */,
				A432D3171B147B9F006D2B0E /* Frameworks */,
				A432D3181B147B9F006D2B0E /* Resources */,
				EF5FBBD50872EDC89E1F0872 /* Embed Pods Frameworks */,
				2A4C5A9306129A7CF0246D2C /* Copy Pods Resources */,
			);
			buildRules = (
			);
			dependencies = (
			);
			name = "ZhiHuDaily-Swift";
			productName = "ZhiHuDaily-Swift";
			productReference = A432D31A1B147B9F006D2B0E /* ZhiHuDaily-Swift.app */;
			productType = "com.apple.product-type.application";
		};
		A432D3311B147B9F006D2B0E /* ZhiHuDaily-SwiftTests */ = {
			isa = PBXNativeTarget;
			buildConfigurationList = A432D33F1B147B9F006D2B0E /* Build configuration list for PBXNativeTarget "ZhiHuDaily-SwiftTests" */;
			buildPhases = (
				A432D32E1B147B9F006D2B0E /* Sources */,
				A432D32F1B147B9F006D2B0E /* Frameworks */,
				A432D3301B147B9F006D2B0E /* Resources */,
			);
			buildRules = (
			);
			dependencies = (
				A432D3341B147B9F006D2B0E /* PBXTargetDependency */,
			);
			name = "ZhiHuDaily-SwiftTests";
			productName = "ZhiHuDaily-SwiftTests";
			productReference = A432D3321B147B9F006D2B0E /* ZhiHuDaily-SwiftTests.xctest */;
			productType = "com.apple.product-type.bundle.unit-test";
		};
/* End PBXNativeTarget section */

/* Begin PBXProject section */
		A432D3121B147B9F006D2B0E /* Project object */ = {
			isa = PBXProject;
			attributes = {
				LastUpgradeCheck = 0630;
				ORGANIZATIONNAME = SUN;
				TargetAttributes = {
					A432D3191B147B9F006D2B0E = {
						CreatedOnToolsVersion = 6.3.2;
					};
					A432D3311B147B9F006D2B0E = {
						CreatedOnToolsVersion = 6.3.2;
						TestTargetID = A432D3191B147B9F006D2B0E;
					};
				};
			};
			buildConfigurationList = A432D3151B147B9F006D2B0E /* Build configuration list for PBXProject "ZhiHuDaily-Swift" */;
			compatibilityVersion = "Xcode 3.2";
			developmentRegion = English;
			hasScannedForEncodings = 0;
			knownRegions = (
				en,
				Base,
			);
			mainGroup = A432D3111B147B9F006D2B0E;
			productRefGroup = A432D31B1B147B9F006D2B0E /* Products */;
			projectDirPath = "";
			projectReferences = (
				{
					ProductGroup = A4939FC11B14D66800E041C4 /* Products */;
					ProjectRef = A4939FC01B14D66800E041C4 /* PKRevealController.xcodeproj */;
				},
			);
			projectRoot = "";
			targets = (
				A432D3191B147B9F006D2B0E /* ZhiHuDaily-Swift */,
				A432D3311B147B9F006D2B0E /* ZhiHuDaily-SwiftTests */,
			);
		};
/* End PBXProject section */

/* Begin PBXReferenceProxy section */
		A4939FCF1B14D66800E041C4 /* libPKRevealController.a */ = {
			isa = PBXReferenceProxy;
			fileType = archive.ar;
			path = libPKRevealController.a;
			remoteRef = A4939FCE1B14D66800E041C4 /* PBXContainerItemProxy */;
			sourceTree = BUILT_PRODUCTS_DIR;
		};
/* End PBXReferenceProxy section */

/* Begin PBXResourcesBuildPhase section */
		A432D3181B147B9F006D2B0E /* Resources */ = {
			isa = PBXResourcesBuildPhase;
			buildActionMask = 2147483647;
			files = (
				A432D3281B147B9F006D2B0E /* Main.storyboard in Resources */,
				A432D32D1B147B9F006D2B0E /* LaunchScreen.xib in Resources */,
				A432D32A1B147B9F006D2B0E /* Images.xcassets in Resources */,
			);
			runOnlyForDeploymentPostprocessing = 0;
		};
		A432D3301B147B9F006D2B0E /* Resources */ = {
			isa = PBXResourcesBuildPhase;
			buildActionMask = 2147483647;
			files = (
			);
			runOnlyForDeploymentPostprocessing = 0;
		};
/* End PBXResourcesBuildPhase section */

/* Begin PBXShellScriptBuildPhase section */
		10ABD496A5F308F7786B7507 /* Check Pods Manifest.lock */ = {
			isa = PBXShellScriptBuildPhase;
			buildActionMask = 2147483647;
			files = (
			);
			inputPaths = (
			);
			name = "Check Pods Manifest.lock";
			outputPaths = (
			);
			runOnlyForDeploymentPostprocessing = 0;
			shellPath = /bin/sh;
			shellScript = "diff \"${PODS_ROOT}/../Podfile.lock\" \"${PODS_ROOT}/Manifest.lock\" > /dev/null\nif [[ $? != 0 ]] ; then\n    cat << EOM\nerror: The sandbox is not in sync with the Podfile.lock. Run 'pod install' or update your CocoaPods installation.\nEOM\n    exit 1\nfi\n";
			showEnvVarsInLog = 0;
		};
		2A4C5A9306129A7CF0246D2C /* Copy Pods Resources */ = {
			isa = PBXShellScriptBuildPhase;
			buildActionMask = 2147483647;
			files = (
			);
			inputPaths = (
			);
			name = "Copy Pods Resources";
			outputPaths = (
			);
			runOnlyForDeploymentPostprocessing = 0;
			shellPath = /bin/sh;
			shellScript = "\"${SRCROOT}/Pods/Target Support Files/Pods/Pods-resources.sh\"\n";
			showEnvVarsInLog = 0;
		};
		EF5FBBD50872EDC89E1F0872 /* Embed Pods Frameworks */ = {
			isa = PBXShellScriptBuildPhase;
			buildActionMask = 2147483647;
			files = (
			);
			inputPaths = (
			);
			name = "Embed Pods Frameworks";
			outputPaths = (
			);
			runOnlyForDeploymentPostprocessing = 0;
			shellPath = /bin/sh;
			shellScript = "\"${SRCROOT}/Pods/Target Support Files/Pods/Pods-frameworks.sh\"\n";
			showEnvVarsInLog = 0;
		};
/* End PBXShellScriptBuildPhase section */

/* Begin PBXSourcesBuildPhase section */
		A432D3161B147B9F006D2B0E /* Sources */ = {
			isa = PBXSourcesBuildPhase;
			buildActionMask = 2147483647;
			files = (
				A4939FD11B1553D400E041C4 /* KCLaunchImageViewController.swift in Sources */,
				A4939FC51B14D66800E041C4 /* NSObject+PKBlocks.m in Sources */,
				A4939F131B1494A100E041C4 /* HttpControl.swift in Sources */,
				A4939FCA1B14D66800E041C4 /* PKSequentialAnimation.m in Sources */,
				A4939FCB1B14D66800E041C4 /* PKLog.m in Sources */,
				A48545941B1812A5001CC98F /* RefreshViewDelegate.swift in Sources */,
				A4939FC61B14D66800E041C4 /* UIViewController+PKRevealController.m in Sources */,
				A4939FC81B14D66800E041C4 /* PKAnimation.m in Sources */,
				A4939FC41B14D66800E041C4 /* CALayer+PKConvenienceAnimations.m in Sources */,
				A432D3251B147B9F006D2B0E /* ViewController.swift in Sources */,
				A432D3231B147B9F006D2B0E /* ZhiHuDaily_Swift.xcdatamodeld in Sources */,
				A4939FC31B14D66800E041C4 /* CAAnimation+PKIdentifier.m in Sources */,
				A48545921B1809BA001CC98F /* RefreshControlDelegate.swift in Sources */,
				A432D3201B147B9F006D2B0E /* AppDelegate.swift in Sources */,
				A4939FC91B14D66800E041C4 /* PKLayerAnimator.m in Sources */,
				A4939FCC1B14D66800E041C4 /* PKRevealController.m in Sources */,
				A48545731B176728001CC98F /* KYCircularProgress.swift in Sources */,
				A48545911B1809BA001CC98F /* RefreshControl.swift in Sources */,
				A4939F151B14C71C00E041C4 /* SlideScrollView.swift in Sources */,
				A4939FC71B14D66800E041C4 /* PKRevealControllerView.m in Sources */,
			);
			runOnlyForDeploymentPostprocessing = 0;
		};
		A432D32E1B147B9F006D2B0E /* Sources */ = {
			isa = PBXSourcesBuildPhase;
			buildActionMask = 2147483647;
			files = (
				A432D3391B147B9F006D2B0E /* ZhiHuDaily_SwiftTests.swift in Sources */,
			);
			runOnlyForDeploymentPostprocessing = 0;
		};
/* End PBXSourcesBuildPhase section */

/* Begin PBXTargetDependency section */
		A432D3341B147B9F006D2B0E /* PBXTargetDependency */ = {
			isa = PBXTargetDependency;
			target = A432D3191B147B9F006D2B0E /* ZhiHuDaily-Swift */;
			targetProxy = A432D3331B147B9F006D2B0E /* PBXContainerItemProxy */;
		};
/* End PBXTargetDependency section */

/* Begin PBXVariantGroup section */
		A432D3261B147B9F006D2B0E /* Main.storyboard */ = {
			isa = PBXVariantGroup;
			children = (
				A432D3271B147B9F006D2B0E /* Base */,
			);
			name = Main.storyboard;
			sourceTree = "<group>";
		};
		A432D32B1B147B9F006D2B0E /* LaunchScreen.xib */ = {
			isa = PBXVariantGroup;
			children = (
				A432D32C1B147B9F006D2B0E /* Base */,
			);
			name = LaunchScreen.xib;
			sourceTree = "<group>";
		};
/* End PBXVariantGroup section */

/* Begin XCBuildConfiguration section */
		A432D33A1B147B9F006D2B0E /* Debug */ = {
			isa = XCBuildConfiguration;
			buildSettings = {
				ALWAYS_SEARCH_USER_PATHS = NO;
				CLANG_CXX_LANGUAGE_STANDARD = "gnu++0x";
				CLANG_CXX_LIBRARY = "libc++";
				CLANG_ENABLE_MODULES = YES;
				CLANG_ENABLE_OBJC_ARC = YES;
				CLANG_WARN_BOOL_CONVERSION = YES;
				CLANG_WARN_CONSTANT_CONVERSION = YES;
				CLANG_WARN_DIRECT_OBJC_ISA_USAGE = YES_ERROR;
				CLANG_WARN_EMPTY_BODY = YES;
				CLANG_WARN_ENUM_CONVERSION = YES;
				CLANG_WARN_INT_CONVERSION = YES;
				CLANG_WARN_OBJC_ROOT_CLASS = YES_ERROR;
				CLANG_WARN_UNREACHABLE_CODE = YES;
				CLANG_WARN__DUPLICATE_METHOD_MATCH = YES;
				"CODE_SIGN_IDENTITY[sdk=iphoneos*]" = "iPhone Developer";
				COPY_PHASE_STRIP = NO;
				DEBUG_INFORMATION_FORMAT = "dwarf-with-dsym";
				ENABLE_STRICT_OBJC_MSGSEND = YES;
				GCC_C_LANGUAGE_STANDARD = gnu99;
				GCC_DYNAMIC_NO_PIC = NO;
				GCC_NO_COMMON_BLOCKS = YES;
				GCC_OPTIMIZATION_LEVEL = 0;
				GCC_PREPROCESSOR_DEFINITIONS = (
					"DEBUG=1",
					"$(inherited)",
				);
				GCC_SYMBOLS_PRIVATE_EXTERN = NO;
				GCC_WARN_64_TO_32_BIT_CONVERSION = YES;
				GCC_WARN_ABOUT_RETURN_TYPE = YES_ERROR;
				GCC_WARN_UNDECLARED_SELECTOR = YES;
				GCC_WARN_UNINITIALIZED_AUTOS = YES_AGGRESSIVE;
				GCC_WARN_UNUSED_FUNCTION = YES;
				GCC_WARN_UNUSED_VARIABLE = YES;
				IPHONEOS_DEPLOYMENT_TARGET = 8.3;
				MTL_ENABLE_DEBUG_INFO = YES;
				ONLY_ACTIVE_ARCH = YES;
				SDKROOT = iphoneos;
				SWIFT_OPTIMIZATION_LEVEL = "-Onone";
				TARGETED_DEVICE_FAMILY = "1,2";
			};
			name = Debug;
		};
		A432D33B1B147B9F006D2B0E /* Release */ = {
			isa = XCBuildConfiguration;
			buildSettings = {
				ALWAYS_SEARCH_USER_PATHS = NO;
				CLANG_CXX_LANGUAGE_STANDARD = "gnu++0x";
				CLANG_CXX_LIBRARY = "libc++";
				CLANG_ENABLE_MODULES = YES;
				CLANG_ENABLE_OBJC_ARC = YES;
				CLANG_WARN_BOOL_CONVERSION = YES;
				CLANG_WARN_CONSTANT_CONVERSION = YES;
				CLANG_WARN_DIRECT_OBJC_ISA_USAGE = YES_ERROR;
				CLANG_WARN_EMPTY_BODY = YES;
				CLANG_WARN_ENUM_CONVERSION = YES;
				CLANG_WARN_INT_CONVERSION = YES;
				CLANG_WARN_OBJC_ROOT_CLASS = YES_ERROR;
				CLANG_WARN_UNREACHABLE_CODE = YES;
				CLANG_WARN__DUPLICATE_METHOD_MATCH = YES;
				"CODE_SIGN_IDENTITY[sdk=iphoneos*]" = "iPhone Developer";
				COPY_PHASE_STRIP = NO;
				DEBUG_INFORMATION_FORMAT = "dwarf-with-dsym";
				ENABLE_NS_ASSERTIONS = NO;
				ENABLE_STRICT_OBJC_MSGSEND = YES;
				GCC_C_LANGUAGE_STANDARD = gnu99;
				GCC_NO_COMMON_BLOCKS = YES;
				GCC_WARN_64_TO_32_BIT_CONVERSION = YES;
				GCC_WARN_ABOUT_RETURN_TYPE = YES_ERROR;
				GCC_WARN_UNDECLARED_SELECTOR = YES;
				GCC_WARN_UNINITIALIZED_AUTOS = YES_AGGRESSIVE;
				GCC_WARN_UNUSED_FUNCTION = YES;
				GCC_WARN_UNUSED_VARIABLE = YES;
				IPHONEOS_DEPLOYMENT_TARGET = 8.3;
				MTL_ENABLE_DEBUG_INFO = NO;
				SDKROOT = iphoneos;
				TARGETED_DEVICE_FAMILY = "1,2";
				VALIDATE_PRODUCT = YES;
			};
			name = Release;
		};
		A432D33D1B147B9F006D2B0E /* Debug */ = {
			isa = XCBuildConfiguration;
			baseConfigurationReference = 6FB894871E29411B4B980961 /* Pods.debug.xcconfig */;
			buildSettings = {
				ASSETCATALOG_COMPILER_APPICON_NAME = AppIcon;
				INFOPLIST_FILE = "ZhiHuDaily-Swift/Info.plist";
				LD_RUNPATH_SEARCH_PATHS = "$(inherited) @executable_path/Frameworks";
				OTHER_LDFLAGS = "-lc++";
				PRODUCT_NAME = "$(TARGET_NAME)";
				SWIFT_OBJC_BRIDGING_HEADER = "ZhiHuDaily-Swift/ObjectiveCBridge.h";
			};
			name = Debug;
		};
		A432D33E1B147B9F006D2B0E /* Release */ = {
			isa = XCBuildConfiguration;
			baseConfigurationReference = 6C04F27F043F28A3FA8E777F /* Pods.release.xcconfig */;
			buildSettings = {
				ASSETCATALOG_COMPILER_APPICON_NAME = AppIcon;
				INFOPLIST_FILE = "ZhiHuDaily-Swift/Info.plist";
				LD_RUNPATH_SEARCH_PATHS = "$(inherited) @executable_path/Frameworks";
				OTHER_LDFLAGS = "-lc++";
				PRODUCT_NAME = "$(TARGET_NAME)";
				SWIFT_OBJC_BRIDGING_HEADER = "ZhiHuDaily-Swift/ObjectiveCBridge.h";
			};
			name = Release;
		};
		A432D3401B147B9F006D2B0E /* Debug */ = {
			isa = XCBuildConfiguration;
			buildSettings = {
				BUNDLE_LOADER = "$(TEST_HOST)";
				FRAMEWORK_SEARCH_PATHS = (
					"$(SDKROOT)/Developer/Library/Frameworks",
					"$(inherited)",
				);
				GCC_PREPROCESSOR_DEFINITIONS = (
					"DEBUG=1",
					"$(inherited)",
				);
				INFOPLIST_FILE = "ZhiHuDaily-SwiftTests/Info.plist";
				LD_RUNPATH_SEARCH_PATHS = "$(inherited) @executable_path/Frameworks @loader_path/Frameworks";
				PRODUCT_NAME = "$(TARGET_NAME)";
				TEST_HOST = "$(BUILT_PRODUCTS_DIR)/ZhiHuDaily-Swift.app/ZhiHuDaily-Swift";
			};
			name = Debug;
		};
		A432D3411B147B9F006D2B0E /* Release */ = {
			isa = XCBuildConfiguration;
			buildSettings = {
				BUNDLE_LOADER = "$(TEST_HOST)";
				FRAMEWORK_SEARCH_PATHS = (
					"$(SDKROOT)/Developer/Library/Frameworks",
					"$(inherited)",
				);
				INFOPLIST_FILE = "ZhiHuDaily-SwiftTests/Info.plist";
				LD_RUNPATH_SEARCH_PATHS = "$(inherited) @executable_path/Frameworks @loader_path/Frameworks";
				PRODUCT_NAME = "$(TARGET_NAME)";
				TEST_HOST = "$(BUILT_PRODUCTS_DIR)/ZhiHuDaily-Swift.app/ZhiHuDaily-Swift";
			};
			name = Release;
		};
/* End XCBuildConfiguration section */

/* Begin XCConfigurationList section */
		A432D3151B147B9F006D2B0E /* Build configuration list for PBXProject "ZhiHuDaily-Swift" */ = {
			isa = XCConfigurationList;
			buildConfigurations = (
				A432D33A1B147B9F006D2B0E /* Debug */,
				A432D33B1B147B9F006D2B0E /* Release */,
			);
			defaultConfigurationIsVisible = 0;
			defaultConfigurationName = Release;
		};
		A432D33C1B147B9F006D2B0E /* Build configuration list for PBXNativeTarget "ZhiHuDaily-Swift" */ = {
			isa = XCConfigurationList;
			buildConfigurations = (
				A432D33D1B147B9F006D2B0E /* Debug */,
				A432D33E1B147B9F006D2B0E /* Release */,
			);
			defaultConfigurationIsVisible = 0;
			defaultConfigurationName = Release;
		};
		A432D33F1B147B9F006D2B0E /* Build configuration list for PBXNativeTarget "ZhiHuDaily-SwiftTests" */ = {
			isa = XCConfigurationList;
			buildConfigurations = (
				A432D3401B147B9F006D2B0E /* Debug */,
				A432D3411B147B9F006D2B0E /* Release */,
			);
			defaultConfigurationIsVisible = 0;
			defaultConfigurationName = Release;
		};
/* End XCConfigurationList section */

/* Begin XCVersionGroup section */
		A432D3211B147B9F006D2B0E /* ZhiHuDaily_Swift.xcdatamodeld */ = {
			isa = XCVersionGroup;
			children = (
				A432D3221B147B9F006D2B0E /* ZhiHuDaily_Swift.xcdatamodel */,
			);
			currentVersion = A432D3221B147B9F006D2B0E /* ZhiHuDaily_Swift.xcdatamodel */;
			path = ZhiHuDaily_Swift.xcdatamodeld;
			sourceTree = "<group>";
			versionGroupType = wrapper.xcdatamodel;
		};
/* End XCVersionGroup section */
	};
	rootObject = A432D3121B147B9F006D2B0E /* Project object */;
}
